
Microsoft Visual Studio Solution File, Format Version 12.00
# Visual Studio Version 17
VisualStudioVersion = 17.5.33502.453
MinimumVisualStudioVersion = 10.0.40219.1
Project("{FAE04EC0-301F-11D3-BF4B-00C04F79EFBC}") = "ExceptionsProblems", "ExceptionsProblems.csproj", "{9F9B2C08-1236-438A-9553-50D0A78E307C}"
EndProject
Global
	GlobalSection(SolutionConfigurationPlatforms) = preSolution
		Debug|Any CPU = Debug|Any CPU
		Release|Any CPU = Release|Any CPU
	EndGlobalSection
	GlobalSection(ProjectConfigurationPlatforms) = postSolution
		{9F9B2C08-1236-438A-9553-50D0A78E307C}.Debug|Any CPU.ActiveCfg = Debug|Any CPU
		{9F9B2C08-1236-438A-9553-50D0A78E307C}.Debug|Any CPU.Build.0 = Debug|Any CPU
		{9F9B2C08-1236-438A-9553-50D0A78E307C}.Release|Any CPU.ActiveCfg = Release|Any CPU
		{9F9B2C08-1236-438A-9553-50D0A78E307C}.Release|Any CPU.Build.0 = Release|Any CPU
	EndGlobalSection
	GlobalSection(SolutionProperties) = preSolution
		HideSolutionNode = FALSE
	EndGlobalSection
	GlobalSection(ExtensibilityGlobals) = postSolution
		SolutionGuid = {68B86A55-185C-43E3-BE21-4E751643AD5C}
	EndGlobalSection
EndGlobal
